
Microsoft Visual Studio Solution File, Format Version 12.00
# Visual Studio 2012
Project("{FAE04EC0-301F-11D3-BF4B-00C04F79EFBC}") = "StructuralTyping", "StructuralTyping\StructuralTyping.csproj", "{CF276968-B05A-4DBA-87F3-B577FF6E92F8}"
EndProject
Project("{2150E333-8FDC-42A3-9474-1A3956D46DE8}") = ".nuget", ".nuget", "{B06B0646-98CE-4E57-B63E-F2D2023A4061}"
	ProjectSection(SolutionItems) = preProject
		.nuget\NuGet.Config = .nuget\NuGet.Config
		.nuget\NuGet.exe = .nuget\NuGet.exe
		.nuget\NuGet.targets = .nuget\NuGet.targets
	EndProjectSection
EndProject
Project("{2150E333-8FDC-42A3-9474-1A3956D46DE8}") = "Solution Items", "Solution Items", "{39AF2720-F4BB-4DD0-9A6E-5BF3006C26BB}"
	ProjectSection(SolutionItems) = preProject
		..\README.MD = ..\README.MD
	EndProjectSection
EndProject
Global
	GlobalSection(SolutionConfigurationPlatforms) = preSolution
		Debug|Any CPU = Debug|Any CPU
		Release|Any CPU = Release|Any CPU
	EndGlobalSection
	GlobalSection(ProjectConfigurationPlatforms) = postSolution
		{CF276968-B05A-4DBA-87F3-B577FF6E92F8}.Debug|Any CPU.ActiveCfg = Debug|Any CPU
		{CF276968-B05A-4DBA-87F3-B577FF6E92F8}.Debug|Any CPU.Build.0 = Debug|Any CPU
		{CF276968-B05A-4DBA-87F3-B577FF6E92F8}.Release|Any CPU.ActiveCfg = Release|Any CPU
		{CF276968-B05A-4DBA-87F3-B577FF6E92F8}.Release|Any CPU.Build.0 = Release|Any CPU
	EndGlobalSection
	GlobalSection(SolutionProperties) = preSolution
		HideSolutionNode = FALSE
	EndGlobalSection
EndGlobal
